# This file is automatically @generated by Poetry 1.8.2 and should not be changed by hand.

[[package]]
name = "pyelftools"
version = "0.32"
description = "Library for analyzing ELF files and DWARF debugging information"
optional = false
python-versions = "*"
files = [
    {file = "pyelftools-0.32-py3-none-any.whl", hash = "sha256:013df952a006db5e138b1edf6d8a68ecc50630adbd0d83a2d41e7f846163d738"},
    {file = "pyelftools-0.32.tar.gz", hash = "sha256:6de90ee7b8263e740c8715a925382d4099b354f29ac48ea40d840cf7aa14ace5"},
]

[[package]]
name = "semantic-version"
version = "2.10.0"
description = "A library implementing the 'SemVer' scheme."
optional = false
python-versions = ">=2.7"
files = [
    {file = "semantic_version-2.10.0-py2.py3-none-any.whl", hash = "sha256:de78a3b8e0feda74cabc54aab2da702113e33ac9d9eb9d2389bcf1f58b7d9177"},
    {file = "semantic_version-2.10.0.tar.gz", hash = "sha256:bdabb6d336998cbb378d4b9db3a4b56a1e3235701dc05ea2690d9a997ed5041c"},
]

[package.extras]
dev = ["Django (>=1.11)", "check-manifest", "colorama (<=0.4.1)", "coverage", "flake8", "nose2", "readme-renderer (<25.0)", "tox", "wheel", "zest.releaser[recommended]"]
doc = ["Sphinx", "sphinx-rtd-theme"]

[[package]]
name = "setuptools"
version = "80.9.0"
description = "Easily download, build, install, upgrade, and uninstall Python packages"
optional = false
python-versions = ">=3.9"
files = [
    {file = "setuptools-80.9.0-py3-none-any.whl", hash = "sha256:062d34222ad13e0cc312a4c02d73f059e86a4acbfbdea8f8f76b28c99f306922"},
    {file = "setuptools-80.9.0.tar.gz", hash = "sha256:f36b47402ecde768dbfafc46e8e4207b4360c654f1f3bb84475f0a28628fb19c"},
]

[package.extras]
check = ["pytest-checkdocs (>=2.4)", "pytest-ruff (>=0.2.1)", "ruff (>=0.8.0)"]
core = ["importlib_metadata (>=6)", "jaraco.functools (>=4)", "jaraco.text (>=3.7)", "more_itertools", "more_itertools (>=8.8)", "packaging (>=24.2)", "platformdirs (>=4.2.2)", "tomli (>=2.0.1)", "wheel (>=0.43.0)"]
cover = ["pytest-cov"]
doc = ["furo", "jaraco.packaging (>=9.3)", "jaraco.tidelift (>=1.4)", "pygments-github-lexers (==0.0.5)", "pyproject-hooks (!=1.1)", "rst.linker (>=1.9)", "sphinx (>=3.5)", "sphinx-favicon", "sphinx-inline-tabs", "sphinx-lint", "sphinx-notfound-page (>=1,<2)", "sphinx-reredirects", "sphinxcontrib-towncrier", "towncrier (<24.7)"]
enabler = ["pytest-enabler (>=2.2)"]
test = ["build[virtualenv] (>=1.0.3)", "filelock (>=3.4.0)", "ini2toml[lite] (>=0.14)", "jaraco.develop (>=7.21)", "jaraco.envs (>=2.2)", "jaraco.path (>=3.7.2)", "jaraco.test (>=5.5)", "packaging (>=24.2)", "pip (>=19.1)", "pyproject-hooks (!=1.1)", "pytest (>=6,!=8.1.*)", "pytest-home (>=0.5)", "pytest-perf", "pytest-subprocess", "pytest-timeout", "pytest-xdist (>=3)", "tomli-w (>=1.0.0)", "virtualenv (>=13.0.0)", "wheel (>=0.44.0)"]
type = ["importlib_metadata (>=7.0.2)", "jaraco.develop (>=7.21)", "mypy (==1.14.*)", "pytest-mypy"]

[[package]]
name = "setuptools-rust"
version = "1.12.0"
description = "Setuptools Rust extension plugin"
optional = false
python-versions = ">=3.9"
files = [
    {file = "setuptools_rust-1.12.0-py3-none-any.whl", hash = "sha256:7e7db90547f224a835b45f5ad90c983340828a345554a9a660bdb2de8605dcdd"},
    {file = "setuptools_rust-1.12.0.tar.gz", hash = "sha256:d94a93f0c97751c17014565f07bdc324bee45d396cd1bba83d8e7af92b945f0c"},
]

[package.dependencies]
semantic_version = ">=2.8.2,<3"
setuptools = ">=62.4"

[metadata]
lock-version = "2.0"
python-versions = "^3.12"
content-hash = "d9d2dbfe9ddb133fa8b10b543a892a360952a99b8515742d4670c1beccf1b1fc"
